
Microsoft Visual Studio Solution File, Format Version 12.00
# Visual Studio 14
VisualStudioVersion = 14.0.25420.1
MinimumVisualStudioVersion = 10.0.40219.1
Project("{FAE04EC0-301F-11D3-BF4B-00C04F79EFBC}") = "App7.Android", "App7\App7.Android\App7.Android.csproj", "{66936448-F17F-4EEC-B70E-C4DD520714D8}"
EndProject
Project("{FAE04EC0-301F-11D3-BF4B-00C04F79EFBC}") = "App7", "App7\App7\App7.csproj", "{04021B30-AE70-4DCE-9F40-CDDFE0413FDD}"
EndProject
Project("{FAE04EC0-301F-11D3-BF4B-00C04F79EFBC}") = "App7.UWP", "App7\App7.UWP\App7.UWP.csproj", "{1BA7BA7F-3565-4A51-8490-17B4A430FFC5}"
EndProject
Project("{FAE04EC0-301F-11D3-BF4B-00C04F79EFBC}") = "App7.iOS", "App7\App7.iOS\App7.iOS.csproj", "{FC883CA2-9C5D-4592-845A-6FA2F437033E}"
EndProject
Global
	GlobalSection(SolutionConfigurationPlatforms) = preSolution
		Ad-Hoc|Any CPU = Ad-Hoc|Any CPU
		Ad-Hoc|ARM = Ad-Hoc|ARM
		Ad-Hoc|iPhone = Ad-Hoc|iPhone
		Ad-Hoc|iPhoneSimulator = Ad-Hoc|iPhoneSimulator
		Ad-Hoc|x64 = Ad-Hoc|x64
		Ad-Hoc|x86 = Ad-Hoc|x86
		AppStore|Any CPU = AppStore|Any CPU
		AppStore|ARM = AppStore|ARM
		AppStore|iPhone = AppStore|iPhone
		AppStore|iPhoneSimulator = AppStore|iPhoneSimulator
		AppStore|x64 = AppStore|x64
		AppStore|x86 = AppStore|x86
		Debug|Any CPU = Debug|Any CPU
		Debug|ARM = Debug|ARM
		Debug|iPhone = Debug|iPhone
		Debug|iPhoneSimulator = Debug|iPhoneSimulator
		Debug|x64 = Debug|x64
		Debug|x86 = Debug|x86
		Release|Any CPU = Release|Any CPU
		Release|ARM = Release|ARM
		Release|iPhone = Release|iPhone
		Release|iPhoneSimulator = Release|iPhoneSimulator
		Release|x64 = Release|x64
		Release|x86 = Release|x86
	EndGlobalSection
	GlobalSection(ProjectConfigurationPlatforms) = postSolution
		{66936448-F17F-4EEC-B70E-C4DD520714D8}.Ad-Hoc|Any CPU.ActiveCfg = Release|Any CPU
		{66936448-F17F-4EEC-B70E-C4DD520714D8}.Ad-Hoc|Any CPU.Build.0 = Release|Any CPU
		{66936448-F17F-4EEC-B70E-C4DD520714D8}.Ad-Hoc|Any CPU.Deploy.0 = Release|Any CPU
		{66936448-F17F-4EEC-B70E-C4DD520714D8}.Ad-Hoc|ARM.ActiveCfg = Release|Any CPU
		{66936448-F17F-4EEC-B70E-C4DD520714D8}.Ad-Hoc|ARM.Build.0 = Release|Any CPU
		{66936448-F17F-4EEC-B70E-C4DD520714D8}.Ad-Hoc|ARM.Deploy.0 = Release|Any CPU
		{66936448-F17F-4EEC-B70E-C4DD520714D8}.Ad-Hoc|iPhone.ActiveCfg = Release|Any CPU
		{66936448-F17F-4EEC-B70E-C4DD520714D8}.Ad-Hoc|iPhone.Build.0 = Release|Any CPU
		{66936448-F17F-4EEC-B70E-C4DD520714D8}.Ad-Hoc|iPhone.Deploy.0 = Release|Any CPU
		{66936448-F17F-4EEC-B70E-C4DD520714D8}.Ad-Hoc|iPhoneSimulator.ActiveCfg = Release|Any CPU
		{66936448-F17F-4EEC-B70E-C4DD520714D8}.Ad-Hoc|iPhoneSimulator.Build.0 = Release|Any CPU
		{66936448-F17F-4EEC-B70E-C4DD520714D8}.Ad-Hoc|iPhoneSimulator.Deploy.0 = Release|Any CPU
		{66936448-F17F-4EEC-B70E-C4DD520714D8}.Ad-Hoc|x64.ActiveCfg = Release|Any CPU
		{66936448-F17F-4EEC-B70E-C4DD520714D8}.Ad-Hoc|x64.Build.0 = Release|Any CPU
		{66936448-F17F-4EEC-B70E-C4DD520714D8}.Ad-Hoc|x64.Deploy.0 = Release|Any CPU
		{66936448-F17F-4EEC-B70E-C4DD520714D8}.Ad-Hoc|x86.ActiveCfg = Release|Any CPU
		{66936448-F17F-4EEC-B70E-C4DD520714D8}.Ad-Hoc|x86.Build.0 = Release|Any CPU
		{66936448-F17F-4EEC-B70E-C4DD520714D8}.Ad-Hoc|x86.Deploy.0 = Release|Any CPU
		{66936448-F17F-4EEC-B70E-C4DD520714D8}.AppStore|Any CPU.ActiveCfg = Release|Any CPU
		{66936448-F17F-4EEC-B70E-C4DD520714D8}.AppStore|Any CPU.Build.0 = Release|Any CPU
		{66936448-F17F-4EEC-B70E-C4DD520714D8}.AppStore|Any CPU.Deploy.0 = Release|Any CPU
		{66936448-F17F-4EEC-B70E-C4DD520714D8}.AppStore|ARM.ActiveCfg = Release|Any CPU
		{66936448-F17F-4EEC-B70E-C4DD520714D8}.AppStore|ARM.Build.0 = Release|Any CPU
		{66936448-F17F-4EEC-B70E-C4DD520714D8}.AppStore|ARM.Deploy.0 = Release|Any CPU
		{66936448-F17F-4EEC-B70E-C4DD520714D8}.AppStore|iPhone.ActiveCfg = Release|Any CPU
		{66936448-F17F-4EEC-B70E-C4DD520714D8}.AppStore|iPhone.Build.0 = Release|Any CPU
		{66936448-F17F-4EEC-B70E-C4DD520714D8}.AppStore|iPhone.Deploy.0 = Release|Any CPU
		{66936448-F17F-4EEC-B70E-C4DD520714D8}.AppStore|iPhoneSimulator.ActiveCfg = Release|Any CPU
		{66936448-F17F-4EEC-B70E-C4DD520714D8}.AppStore|iPhoneSimulator.Build.0 = Release|Any CPU
		{66936448-F17F-4EEC-B70E-C4DD520714D8}.AppStore|iPhoneSimulator.Deploy.0 = Release|Any CPU
		{66936448-F17F-4EEC-B70E-C4DD520714D8}.AppStore|x64.ActiveCfg = Release|Any CPU
		{66936448-F17F-4EEC-B70E-C4DD520714D8}.AppStore|x64.Build.0 = Release|Any CPU
		{66936448-F17F-4EEC-B70E-C4DD520714D8}.AppStore|x64.Deploy.0 = Release|Any CPU
		{66936448-F17F-4EEC-B70E-C4DD520714D8}.AppStore|x86.ActiveCfg = Release|Any CPU
		{66936448-F17F-4EEC-B70E-C4DD520714D8}.AppStore|x86.Build.0 = Release|Any CPU
		{66936448-F17F-4EEC-B70E-C4DD520714D8}.AppStore|x86.Deploy.0 = Release|Any CPU
		{66936448-F17F-4EEC-B70E-C4DD520714D8}.Debug|Any CPU.ActiveCfg = Debug|Any CPU
		{66936448-F17F-4EEC-B70E-C4DD520714D8}.Debug|Any CPU.Build.0 = Debug|Any CPU
		{66936448-F17F-4EEC-B70E-C4DD520714D8}.Debug|Any CPU.Deploy.0 = Debug|Any CPU
		{66936448-F17F-4EEC-B70E-C4DD520714D8}.Debug|ARM.ActiveCfg = Debug|Any CPU
		{66936448-F17F-4EEC-B70E-C4DD520714D8}.Debug|ARM.Build.0 = Debug|Any CPU
		{66936448-F17F-4EEC-B70E-C4DD520714D8}.Debug|ARM.Deploy.0 = Debug|Any CPU
		{66936448-F17F-4EEC-B70E-C4DD520714D8}.Debug|iPhone.ActiveCfg = Debug|Any CPU
		{66936448-F17F-4EEC-B70E-C4DD520714D8}.Debug|iPhone.Build.0 = Debug|Any CPU
		{66936448-F17F-4EEC-B70E-C4DD520714D8}.Debug|iPhone.Deploy.0 = Debug|Any CPU
		{66936448-F17F-4EEC-B70E-C4DD520714D8}.Debug|iPhoneSimulator.ActiveCfg = Debug|Any CPU
		{66936448-F17F-4EEC-B70E-C4DD520714D8}.Debug|iPhoneSimulator.Build.0 = Debug|Any CPU
		{66936448-F17F-4EEC-B70E-C4DD520714D8}.Debug|iPhoneSimulator.Deploy.0 = Debug|Any CPU
		{66936448-F17F-4EEC-B70E-C4DD520714D8}.Debug|x64.ActiveCfg = Debug|Any CPU
		{66936448-F17F-4EEC-B70E-C4DD520714D8}.Debug|x64.Build.0 = Debug|Any CPU
		{66936448-F17F-4EEC-B70E-C4DD520714D8}.Debug|x64.Deploy.0 = Debug|Any CPU
		{66936448-F17F-4EEC-B70E-C4DD520714D8}.Debug|x86.ActiveCfg = Debug|Any CPU
		{66936448-F17F-4EEC-B70E-C4DD520714D8}.Debug|x86.Build.0 = Debug|Any CPU
		{66936448-F17F-4EEC-B70E-C4DD520714D8}.Debug|x86.Deploy.0 = Debug|Any CPU
		{66936448-F17F-4EEC-B70E-C4DD520714D8}.Release|Any CPU.ActiveCfg = Release|Any CPU
		{66936448-F17F-4EEC-B70E-C4DD520714D8}.Release|Any CPU.Build.0 = Release|Any CPU
		{66936448-F17F-4EEC-B70E-C4DD520714D8}.Release|Any CPU.Deploy.0 = Release|Any CPU
		{66936448-F17F-4EEC-B70E-C4DD520714D8}.Release|ARM.ActiveCfg = Release|Any CPU
		{66936448-F17F-4EEC-B70E-C4DD520714D8}.Release|ARM.Build.0 = Release|Any CPU
		{66936448-F17F-4EEC-B70E-C4DD520714D8}.Release|ARM.Deploy.0 = Release|Any CPU
		{66936448-F17F-4EEC-B70E-C4DD520714D8}.Release|iPhone.ActiveCfg = Release|Any CPU
		{66936448-F17F-4EEC-B70E-C4DD520714D8}.Release|iPhone.Build.0 = Release|Any CPU
		{66936448-F17F-4EEC-B70E-C4DD520714D8}.Release|iPhone.Deploy.0 = Release|Any CPU
		{66936448-F17F-4EEC-B70E-C4DD520714D8}.Release|iPhoneSimulator.ActiveCfg = Release|Any CPU
		{66936448-F17F-4EEC-B70E-C4DD520714D8}.Release|iPhoneSimulator.Build.0 = Release|Any CPU
		{66936448-F17F-4EEC-B70E-C4DD520714D8}.Release|iPhoneSimulator.Deploy.0 = Release|Any CPU
		{66936448-F17F-4EEC-B70E-C4DD520714D8}.Release|x64.ActiveCfg = Release|Any CPU
		{66936448-F17F-4EEC-B70E-C4DD520714D8}.Release|x64.Build.0 = Release|Any CPU
		{66936448-F17F-4EEC-B70E-C4DD520714D8}.Release|x64.Deploy.0 = Release|Any CPU
		{66936448-F17F-4EEC-B70E-C4DD520714D8}.Release|x86.ActiveCfg = Release|Any CPU
		{66936448-F17F-4EEC-B70E-C4DD520714D8}.Release|x86.Build.0 = Release|Any CPU
		{66936448-F17F-4EEC-B70E-C4DD520714D8}.Release|x86.Deploy.0 = Release|Any CPU
		{04021B30-AE70-4DCE-9F40-CDDFE0413FDD}.Ad-Hoc|Any CPU.ActiveCfg = Release|Any CPU
		{04021B30-AE70-4DCE-9F40-CDDFE0413FDD}.Ad-Hoc|Any CPU.Build.0 = Release|Any CPU
		{04021B30-AE70-4DCE-9F40-CDDFE0413FDD}.Ad-Hoc|ARM.ActiveCfg = Release|Any CPU
		{04021B30-AE70-4DCE-9F40-CDDFE0413FDD}.Ad-Hoc|ARM.Build.0 = Release|Any CPU
		{04021B30-AE70-4DCE-9F40-CDDFE0413FDD}.Ad-Hoc|iPhone.ActiveCfg = Release|Any CPU
		{04021B30-AE70-4DCE-9F40-CDDFE0413FDD}.Ad-Hoc|iPhone.Build.0 = Release|Any CPU
		{04021B30-AE70-4DCE-9F40-CDDFE0413FDD}.Ad-Hoc|iPhoneSimulator.ActiveCfg = Release|Any CPU
		{04021B30-AE70-4DCE-9F40-CDDFE0413FDD}.Ad-Hoc|iPhoneSimulator.Build.0 = Release|Any CPU
		{04021B30-AE70-4DCE-9F40-CDDFE0413FDD}.Ad-Hoc|x64.ActiveCfg = Release|Any CPU
		{04021B30-AE70-4DCE-9F40-CDDFE0413FDD}.Ad-Hoc|x64.Build.0 = Release|Any CPU
		{04021B30-AE70-4DCE-9F40-CDDFE0413FDD}.Ad-Hoc|x86.ActiveCfg = Release|Any CPU
		{04021B30-AE70-4DCE-9F40-CDDFE0413FDD}.Ad-Hoc|x86.Build.0 = Release|Any CPU
		{04021B30-AE70-4DCE-9F40-CDDFE0413FDD}.AppStore|Any CPU.ActiveCfg = Release|Any CPU
		{04021B30-AE70-4DCE-9F40-CDDFE0413FDD}.AppStore|Any CPU.Build.0 = Release|Any CPU
		{04021B30-AE70-4DCE-9F40-CDDFE0413FDD}.AppStore|ARM.ActiveCfg = Release|Any CPU
		{04021B30-AE70-4DCE-9F40-CDDFE0413FDD}.AppStore|ARM.Build.0 = Release|Any CPU
		{04021B30-AE70-4DCE-9F40-CDDFE0413FDD}.AppStore|iPhone.ActiveCfg = Release|Any CPU
		{04021B30-AE70-4DCE-9F40-CDDFE0413FDD}.AppStore|iPhone.Build.0 = Release|Any CPU
		{04021B30-AE70-4DCE-9F40-CDDFE0413FDD}.AppStore|iPhoneSimulator.ActiveCfg = Release|Any CPU
		{04021B30-AE70-4DCE-9F40-CDDFE0413FDD}.AppStore|iPhoneSimulator.Build.0 = Release|Any CPU
		{04021B30-AE70-4DCE-9F40-CDDFE0413FDD}.AppStore|x64.ActiveCfg = Release|Any CPU
		{04021B30-AE70-4DCE-9F40-CDDFE0413FDD}.AppStore|x64.Build.0 = Release|Any CPU
		{04021B30-AE70-4DCE-9F40-CDDFE0413FDD}.AppStore|x86.ActiveCfg = Release|Any CPU
		{04021B30-AE70-4DCE-9F40-CDDFE0413FDD}.AppStore|x86.Build.0 = Release|Any CPU
		{04021B30-AE70-4DCE-9F40-CDDFE0413FDD}.Debug|Any CPU.ActiveCfg = Debug|Any CPU
		{04021B30-AE70-4DCE-9F40-CDDFE0413FDD}.Debug|Any CPU.Build.0 = Debug|Any CPU
		{04021B30-AE70-4DCE-9F40-CDDFE0413FDD}.Debug|ARM.ActiveCfg = Debug|Any CPU
		{04021B30-AE70-4DCE-9F40-CDDFE0413FDD}.Debug|ARM.Build.0 = Debug|Any CPU
		{04021B30-AE70-4DCE-9F40-CDDFE0413FDD}.Debug|iPhone.ActiveCfg = Debug|Any CPU
		{04021B30-AE70-4DCE-9F40-CDDFE0413FDD}.Debug|iPhone.Build.0 = Debug|Any CPU
		{04021B30-AE70-4DCE-9F40-CDDFE0413FDD}.Debug|iPhoneSimulator.ActiveCfg = Debug|Any CPU
		{04021B30-AE70-4DCE-9F40-CDDFE0413FDD}.Debug|iPhoneSimulator.Build.0 = Debug|Any CPU
		{04021B30-AE70-4DCE-9F40-CDDFE0413FDD}.Debug|x64.ActiveCfg = Debug|Any CPU
		{04021B30-AE70-4DCE-9F40-CDDFE0413FDD}.Debug|x64.Build.0 = Debug|Any CPU
		{04021B30-AE70-4DCE-9F40-CDDFE0413FDD}.Debug|x86.ActiveCfg = Debug|Any CPU
		{04021B30-AE70-4DCE-9F40-CDDFE0413FDD}.Debug|x86.Build.0 = Debug|Any CPU
		{04021B30-AE70-4DCE-9F40-CDDFE0413FDD}.Release|Any CPU.ActiveCfg = Release|Any CPU
		{04021B30-AE70-4DCE-9F40-CDDFE0413FDD}.Release|Any CPU.Build.0 = Release|Any CPU
		{04021B30-AE70-4DCE-9F40-CDDFE0413FDD}.Release|ARM.ActiveCfg = Release|Any CPU
		{04021B30-AE70-4DCE-9F40-CDDFE0413FDD}.Release|ARM.Build.0 = Release|Any CPU
		{04021B30-AE70-4DCE-9F40-CDDFE0413FDD}.Release|iPhone.ActiveCfg = Release|Any CPU
		{04021B30-AE70-4DCE-9F40-CDDFE0413FDD}.Release|iPhone.Build.0 = Release|Any CPU
		{04021B30-AE70-4DCE-9F40-CDDFE0413FDD}.Release|iPhoneSimulator.ActiveCfg = Release|Any CPU
		{04021B30-AE70-4DCE-9F40-CDDFE0413FDD}.Release|iPhoneSimulator.Build.0 = Release|Any CPU
		{04021B30-AE70-4DCE-9F40-CDDFE0413FDD}.Release|x64.ActiveCfg = Release|Any CPU
		{04021B30-AE70-4DCE-9F40-CDDFE0413FDD}.Release|x64.Build.0 = Release|Any CPU
		{04021B30-AE70-4DCE-9F40-CDDFE0413FDD}.Release|x86.ActiveCfg = Release|Any CPU
		{04021B30-AE70-4DCE-9F40-CDDFE0413FDD}.Release|x86.Build.0 = Release|Any CPU
		{1BA7BA7F-3565-4A51-8490-17B4A430FFC5}.Ad-Hoc|Any CPU.ActiveCfg = Release|x86
		{1BA7BA7F-3565-4A51-8490-17B4A430FFC5}.Ad-Hoc|ARM.ActiveCfg = Release|ARM
		{1BA7BA7F-3565-4A51-8490-17B4A430FFC5}.Ad-Hoc|ARM.Build.0 = Release|ARM
		{1BA7BA7F-3565-4A51-8490-17B4A430FFC5}.Ad-Hoc|ARM.Deploy.0 = Release|ARM
		{1BA7BA7F-3565-4A51-8490-17B4A430FFC5}.Ad-Hoc|iPhone.ActiveCfg = Release|x86
		{1BA7BA7F-3565-4A51-8490-17B4A430FFC5}.Ad-Hoc|iPhoneSimulator.ActiveCfg = Release|x86
		{1BA7BA7F-3565-4A51-8490-17B4A430FFC5}.Ad-Hoc|x64.ActiveCfg = Release|x64
		{1BA7BA7F-3565-4A51-8490-17B4A430FFC5}.Ad-Hoc|x64.Build.0 = Release|x64
		{1BA7BA7F-3565-4A51-8490-17B4A430FFC5}.Ad-Hoc|x64.Deploy.0 = Release|x64
		{1BA7BA7F-3565-4A51-8490-17B4A430FFC5}.Ad-Hoc|x86.ActiveCfg = Release|x86
		{1BA7BA7F-3565-4A51-8490-17B4A430FFC5}.Ad-Hoc|x86.Build.0 = Release|x86
		{1BA7BA7F-3565-4A51-8490-17B4A430FFC5}.Ad-Hoc|x86.Deploy.0 = Release|x86
		{1BA7BA7F-3565-4A51-8490-17B4A430FFC5}.AppStore|Any CPU.ActiveCfg = Release|x86
		{1BA7BA7F-3565-4A51-8490-17B4A430FFC5}.AppStore|ARM.ActiveCfg = Release|ARM
		{1BA7BA7F-3565-4A51-8490-17B4A430FFC5}.AppStore|ARM.Build.0 = Release|ARM
		{1BA7BA7F-3565-4A51-8490-17B4A430FFC5}.AppStore|ARM.Deploy.0 = Release|ARM
		{1BA7BA7F-3565-4A51-8490-17B4A430FFC5}.AppStore|iPhone.ActiveCfg = Release|x86
		{1BA7BA7F-3565-4A51-8490-17B4A430FFC5}.AppStore|iPhoneSimulator.ActiveCfg = Release|x86
		{1BA7BA7F-3565-4A51-8490-17B4A430FFC5}.AppStore|x64.ActiveCfg = Release|x64
		{1BA7BA7F-3565-4A51-8490-17B4A430FFC5}.AppStore|x64.Build.0 = Release|x64
		{1BA7BA7F-3565-4A51-8490-17B4A430FFC5}.AppStore|x64.Deploy.0 = Release|x64
		{1BA7BA7F-3565-4A51-8490-17B4A430FFC5}.AppStore|x86.ActiveCfg = Release|x86
		{1BA7BA7F-3565-4A51-8490-17B4A430FFC5}.AppStore|x86.Build.0 = Release|x86
		{1BA7BA7F-3565-4A51-8490-17B4A430FFC5}.AppStore|x86.Deploy.0 = Release|x86
		{1BA7BA7F-3565-4A51-8490-17B4A430FFC5}.Debug|Any CPU.ActiveCfg = Debug|x86
		{1BA7BA7F-3565-4A51-8490-17B4A430FFC5}.Debug|ARM.ActiveCfg = Debug|ARM
		{1BA7BA7F-3565-4A51-8490-17B4A430FFC5}.Debug|ARM.Build.0 = Debug|ARM
		{1BA7BA7F-3565-4A51-8490-17B4A430FFC5}.Debug|ARM.Deploy.0 = Debug|ARM
		{1BA7BA7F-3565-4A51-8490-17B4A430FFC5}.Debug|iPhone.ActiveCfg = Debug|x86
		{1BA7BA7F-3565-4A51-8490-17B4A430FFC5}.Debug|iPhoneSimulator.ActiveCfg = Debug|x86
		{1BA7BA7F-3565-4A51-8490-17B4A430FFC5}.Debug|x64.ActiveCfg = Debug|x64
		{1BA7BA7F-3565-4A51-8490-17B4A430FFC5}.Debug|x64.Build.0 = Debug|x64
		{1BA7BA7F-3565-4A51-8490-17B4A430FFC5}.Debug|x64.Deploy.0 = Debug|x64
		{1BA7BA7F-3565-4A51-8490-17B4A430FFC5}.Debug|x86.ActiveCfg = Debug|x86
		{1BA7BA7F-3565-4A51-8490-17B4A430FFC5}.Debug|x86.Build.0 = Debug|x86
		{1BA7BA7F-3565-4A51-8490-17B4A430FFC5}.Debug|x86.Deploy.0 = Debug|x86
		{1BA7BA7F-3565-4A51-8490-17B4A430FFC5}.Release|Any CPU.ActiveCfg = Release|x86
		{1BA7BA7F-3565-4A51-8490-17B4A430FFC5}.Release|ARM.ActiveCfg = Release|ARM
		{1BA7BA7F-3565-4A51-8490-17B4A430FFC5}.Release|ARM.Build.0 = Release|ARM
		{1BA7BA7F-3565-4A51-8490-17B4A430FFC5}.Release|ARM.Deploy.0 = Release|ARM
		{1BA7BA7F-3565-4A51-8490-17B4A430FFC5}.Release|iPhone.ActiveCfg = Release|x86
		{1BA7BA7F-3565-4A51-8490-17B4A430FFC5}.Release|iPhoneSimulator.ActiveCfg = Release|x86
		{1BA7BA7F-3565-4A51-8490-17B4A430FFC5}.Release|x64.ActiveCfg = Release|x64
		{1BA7BA7F-3565-4A51-8490-17B4A430FFC5}.Release|x64.Build.0 = Release|x64
		{1BA7BA7F-3565-4A51-8490-17B4A430FFC5}.Release|x64.Deploy.0 = Release|x64
		{1BA7BA7F-3565-4A51-8490-17B4A430FFC5}.Release|x86.ActiveCfg = Release|x86
		{1BA7BA7F-3565-4A51-8490-17B4A430FFC5}.Release|x86.Build.0 = Release|x86
		{1BA7BA7F-3565-4A51-8490-17B4A430FFC5}.Release|x86.Deploy.0 = Release|x86
		{FC883CA2-9C5D-4592-845A-6FA2F437033E}.Ad-Hoc|Any CPU.ActiveCfg = Ad-Hoc|iPhone
		{FC883CA2-9C5D-4592-845A-6FA2F437033E}.Ad-Hoc|ARM.ActiveCfg = Ad-Hoc|iPhone
		{FC883CA2-9C5D-4592-845A-6FA2F437033E}.Ad-Hoc|iPhone.ActiveCfg = Ad-Hoc|iPhone
		{FC883CA2-9C5D-4592-845A-6FA2F437033E}.Ad-Hoc|iPhone.Build.0 = Ad-Hoc|iPhone
		{FC883CA2-9C5D-4592-845A-6FA2F437033E}.Ad-Hoc|iPhoneSimulator.ActiveCfg = Ad-Hoc|iPhoneSimulator
		{FC883CA2-9C5D-4592-845A-6FA2F437033E}.Ad-Hoc|iPhoneSimulator.Build.0 = Ad-Hoc|iPhoneSimulator
		{FC883CA2-9C5D-4592-845A-6FA2F437033E}.Ad-Hoc|x64.ActiveCfg = Ad-Hoc|iPhone
		{FC883CA2-9C5D-4592-845A-6FA2F437033E}.Ad-Hoc|x86.ActiveCfg = Ad-Hoc|iPhone
		{FC883CA2-9C5D-4592-845A-6FA2F437033E}.AppStore|Any CPU.ActiveCfg = AppStore|iPhone
		{FC883CA2-9C5D-4592-845A-6FA2F437033E}.AppStore|ARM.ActiveCfg = AppStore|iPhone
		{FC883CA2-9C5D-4592-845A-6FA2F437033E}.AppStore|iPhone.ActiveCfg = AppStore|iPhone
		{FC883CA2-9C5D-4592-845A-6FA2F437033E}.AppStore|iPhone.Build.0 = AppStore|iPhone
		{FC883CA2-9C5D-4592-845A-6FA2F437033E}.AppStore|iPhoneSimulator.ActiveCfg = AppStore|iPhoneSimulator
		{FC883CA2-9C5D-4592-845A-6FA2F437033E}.AppStore|iPhoneSimulator.Build.0 = AppStore|iPhoneSimulator
		{FC883CA2-9C5D-4592-845A-6FA2F437033E}.AppStore|x64.ActiveCfg = AppStore|iPhone
		{FC883CA2-9C5D-4592-845A-6FA2F437033E}.AppStore|x86.ActiveCfg = AppStore|iPhone
		{FC883CA2-9C5D-4592-845A-6FA2F437033E}.Debug|Any CPU.ActiveCfg = Debug|iPhone
		{FC883CA2-9C5D-4592-845A-6FA2F437033E}.Debug|ARM.ActiveCfg = Debug|iPhone
		{FC883CA2-9C5D-4592-845A-6FA2F437033E}.Debug|iPhone.ActiveCfg = Debug|iPhone
		{FC883CA2-9C5D-4592-845A-6FA2F437033E}.Debug|iPhone.Build.0 = Debug|iPhone
		{FC883CA2-9C5D-4592-845A-6FA2F437033E}.Debug|iPhoneSimulator.ActiveCfg = Debug|iPhoneSimulator
		{FC883CA2-9C5D-4592-845A-6FA2F437033E}.Debug|iPhoneSimulator.Build.0 = Debug|iPhoneSimulator
		{FC883CA2-9C5D-4592-845A-6FA2F437033E}.Debug|x64.ActiveCfg = Debug|iPhone
		{FC883CA2-9C5D-4592-845A-6FA2F437033E}.Debug|x86.ActiveCfg = Debug|iPhone
		{FC883CA2-9C5D-4592-845A-6FA2F437033E}.Release|Any CPU.ActiveCfg = Release|iPhone
		{FC883CA2-9C5D-4592-845A-6FA2F437033E}.Release|ARM.ActiveCfg = Release|iPhone
		{FC883CA2-9C5D-4592-845A-6FA2F437033E}.Release|iPhone.ActiveCfg = Release|iPhone
		{FC883CA2-9C5D-4592-845A-6FA2F437033E}.Release|iPhone.Build.0 = Release|iPhone
		{FC883CA2-9C5D-4592-845A-6FA2F437033E}.Release|iPhoneSimulator.ActiveCfg = Release|iPhoneSimulator
		{FC883CA2-9C5D-4592-845A-6FA2F437033E}.Release|iPhoneSimulator.Build.0 = Release|iPhoneSimulator
		{FC883CA2-9C5D-4592-845A-6FA2F437033E}.Release|x64.ActiveCfg = Release|iPhone
		{FC883CA2-9C5D-4592-845A-6FA2F437033E}.Release|x86.ActiveCfg = Release|iPhone
	EndGlobalSection
	GlobalSection(SolutionProperties) = preSolution
		HideSolutionNode = FALSE
	EndGlobalSection
EndGlobal
